<?xml version="1.0" encoding="utf-8"?>
<Project ToolsVersion="4.0" xmlns="http://schemas.microsoft.com/developer/msbuild/2003">
  <ItemGroup>
    <Filter Include="Source Files">
      <UniqueIdentifier>{4FC737F1-C7A5-4376-A066-2A32D752A2FF}</UniqueIdentifier>
      <Extensions>cpp;c;cc;cxx;def;odl;idl;hpj;bat;asm;asmx</Extensions>
    </Filter>
    <Filter Include="Helper">
      <UniqueIdentifier>{a35bb483-9a2b-4bda-930b-9d3cd83ef72a}</UniqueIdentifier>
    </Filter>
    <Filter Include="Engine">
      <UniqueIdentifier>{436e6691-1cb3-42f7-94ae-3d3ac8e17b10}</UniqueIdentifier>
    </Filter>
    <Filter Include="Game">
      <UniqueIdentifier>{95d0cb48-543d-4d27-b050-740c8c2c00cb}</UniqueIdentifier>
    </Filter>
  </ItemGroup>
  <ItemGroup>
    <ClCompile Include="Code\Main.c">
      <Filter>Source Files</Filter>
    </ClCompile>
    <ClCompile Include="Code\Helper\WindowsHelper.c">
      <Filter>Helper</Filter>
    </ClCompile>
    <ClCompile Include="Code\Graphics.c">
      <Filter>Engine</Filter>
    </ClCompile>
    <ClCompile Include="Code\InputProvider.c">
      <Filter>Engine</Filter>
    </ClCompile>
    <ClCompile Include="Code\Game.c">
      <Filter>Game</Filter>
    </ClCompile>
  </ItemGroup>
  <ItemGroup>
    <ClInclude Include="Code\Helper\WindowsHelper.h">
      <Filter>Helper</Filter>
    </ClInclude>
    <ClInclude Include="Code\Graphics.h">
      <Filter>Engine</Filter>
    </ClInclude>
    <ClInclude Include="Code\InputProvider.h">
      <Filter>Engine</Filter>
    </ClInclude>
    <ClInclude Include="Code\Game.h">
      <Filter>Game</Filter>
    </ClInclude>
  </ItemGroup>
</Project>